
Microsoft Visual Studio Solution File, Format Version 12.00
# Visual Studio 15
VisualStudioVersion = 15.0.27428.2015
MinimumVisualStudioVersion = 10.0.40219.1
Project("{9A19103F-16F7-4668-BE54-9A1E7A4F7556}") = "TheFinePrint", "TheFinePrint\TheFinePrint.csproj", "{2EA9F224-09E6-47C9-8095-73504C9B3F6B}"
EndProject
Project("{FAE04EC0-301F-11D3-BF4B-00C04F79EFBC}") = "BloggerConnectivity", "BloggerCommunication\BloggerConnectivity.csproj", "{D478F620-2A1E-421F-B247-9099FF2E0929}"
EndProject
Global
	GlobalSection(SolutionConfigurationPlatforms) = preSolution
		Debug|Any CPU = Debug|Any CPU
		Release|Any CPU = Release|Any CPU
	EndGlobalSection
	GlobalSection(ProjectConfigurationPlatforms) = postSolution
		{2EA9F224-09E6-47C9-8095-73504C9B3F6B}.Debug|Any CPU.ActiveCfg = Debug|Any CPU
		{2EA9F224-09E6-47C9-8095-73504C9B3F6B}.Debug|Any CPU.Build.0 = Debug|Any CPU
		{2EA9F224-09E6-47C9-8095-73504C9B3F6B}.Release|Any CPU.ActiveCfg = Release|Any CPU
		{2EA9F224-09E6-47C9-8095-73504C9B3F6B}.Release|Any CPU.Build.0 = Release|Any CPU
		{D478F620-2A1E-421F-B247-9099FF2E0929}.Debug|Any CPU.ActiveCfg = Debug|Any CPU
		{D478F620-2A1E-421F-B247-9099FF2E0929}.Debug|Any CPU.Build.0 = Debug|Any CPU
		{D478F620-2A1E-421F-B247-9099FF2E0929}.Release|Any CPU.ActiveCfg = Release|Any CPU
		{D478F620-2A1E-421F-B247-9099FF2E0929}.Release|Any CPU.Build.0 = Release|Any CPU
	EndGlobalSection
	GlobalSection(SolutionProperties) = preSolution
		HideSolutionNode = FALSE
	EndGlobalSection
	GlobalSection(ExtensibilityGlobals) = postSolution
		SolutionGuid = {CCE96C5A-FD93-47CF-836E-7337AC571A4D}
	EndGlobalSection
EndGlobal
